{
  "lockfile_version": "1",
  "packages": {
    "github:NixOS/nixpkgs/nixpkgs-unstable": {
      "last_modified": "2025-09-05T01:14:44Z",
      "resolved": "github:NixOS/nixpkgs/ca77296380960cd497a765102eeb1356eb80fed0?lastModified=1757034884&narHash=sha256-PgLSZDBEWUHpfTRfFyklmiiLBE1i1aGCtz4eRA3POao%3D"
    },
    "libiconv@latest": {
      "last_modified": "2025-07-28T17:09:23Z",
      "resolved": "github:NixOS/nixpkgs/648f70160c03151bc2121d179291337ad6bc564b#libiconv",
      "source": "devbox-search",
      "version": "109",
      "systems": {
        "aarch64-darwin": {
          "outputs": [
            {
              "name": "out",
              "path": "/nix/store/lcpbdhaw5yrw96kghpq9d5z0cfq4ljq5-libiconv-109",
              "default": true
            },
            {
              "name": "dev",
              "path": "/nix/store/mcc940l8kl31m86qsi4ns5bcafsp7vfi-libiconv-109-dev"
            }
          ],
          "store_path": "/nix/store/lcpbdhaw5yrw96kghpq9d5z0cfq4ljq5-libiconv-109"
        },
        "x86_64-darwin": {
          "outputs": [
            {
              "name": "out",
              "path": "/nix/store/8xi6xc6hgs7saynm4xnlpdl99k37ddfi-libiconv-109",
              "default": true
            },
            {
              "name": "dev",
              "path": "/nix/store/kn2rgsbvpg9nz998mi6nnzcbsfb8jgxl-libiconv-109-dev"
            }
          ],
          "store_path": "/nix/store/8xi6xc6hgs7saynm4xnlpdl99k37ddfi-libiconv-109"
        }
      }
    },
    "openssl_3_3@3.3.2": {
      "last_modified": "2025-02-20T02:45:56Z",
      "resolved": "github:NixOS/nixpkgs/dad564433178067be1fbdfcce23b546254b6d641#openssl_3_3",
      "source": "devbox-search",
      "version": "3.3.2",
      "systems": {
        "aarch64-darwin": {
          "outputs": [
            {
              "name": "bin",
              "path": "/nix/store/6v850i5glfpsv9mdjmrpwk1wdpybmv5k-openssl-3.3.2-bin",
              "default": true
            },
            {
              "name": "man",
              "path": "/nix/store/chn5gcmq9324agghis5f5qwg9qjrn55s-openssl-3.3.2-man",
              "default": true
            },
            {
              "name": "out",
              "path": "/nix/store/d1jb3m3my2axg9himzbrd65dmcwyn6qy-openssl-3.3.2"
            },
            {
              "name": "dev",
              "path": "/nix/store/fd70pcq6qrb6naywqikdq7pqc44zhas1-openssl-3.3.2-dev"
            },
            {
              "name": "doc",
              "path": "/nix/store/qg1n8196h25sz24x9gw0560hrpljvfzk-openssl-3.3.2-doc"
            }
          ],
          "store_path": "/nix/store/6v850i5glfpsv9mdjmrpwk1wdpybmv5k-openssl-3.3.2-bin"
        },
        "x86_64-darwin": {
          "outputs": [
            {
              "name": "bin",
              "path": "/nix/store/5ygd1snlxgmw1advz09gbrflxw3476v2-openssl-3.3.2-bin",
              "default": true
            },
            {
              "name": "man",
              "path": "/nix/store/izc483rdfqfj8m8hfbjb8d2dpa7kbw8n-openssl-3.3.2-man",
              "default": true
            },
            {
              "name": "dev",
              "path": "/nix/store/c39r6v2f4j963sr9s7ghglm8jks9vni3-openssl-3.3.2-dev"
            },
            {
              "name": "doc",
              "path": "/nix/store/9rn99wqg9kkfkalynangyy4950gjb35c-openssl-3.3.2-doc"
            },
            {
              "name": "out",
              "path": "/nix/store/vl215af4rzbrchba1bldypmc9l24lfc8-openssl-3.3.2"
            }
          ],
          "store_path": "/nix/store/5ygd1snlxgmw1advz09gbrflxw3476v2-openssl-3.3.2-bin"
        }
      }
    },
    "pkg-config@latest": {
      "last_modified": "2025-07-28T17:09:23Z",
      "resolved": "github:NixOS/nixpkgs/648f70160c03151bc2121d179291337ad6bc564b#pkg-config",
      "source": "devbox-search",
      "version": "0.29.2",
      "systems": {
        "aarch64-darwin": {
          "outputs": [
            {
              "name": "out",
              "path": "/nix/store/wj9343rwp0vx0cy4dpl89gavk4pdja55-pkg-config-wrapper-0.29.2",
              "default": true
            },
            {
              "name": "man",
              "path": "/nix/store/a30b0ccp4b58mhc48afy9a02k45b2f9n-pkg-config-wrapper-0.29.2-man",
              "default": true
            },
            {
              "name": "doc",
              "path": "/nix/store/xdfqjgw4azgb9bsn53dhrqwid9h15d31-pkg-config-wrapper-0.29.2-doc"
            }
          ],
          "store_path": "/nix/store/wj9343rwp0vx0cy4dpl89gavk4pdja55-pkg-config-wrapper-0.29.2"
        },
        "aarch64-linux": {
          "outputs": [
            {
              "name": "out",
              "path": "/nix/store/vn90s8p77jf7iwaq1m81lqha8cs2wpk5-pkg-config-wrapper-0.29.2",
              "default": true
            },
            {
              "name": "man",
              "path": "/nix/store/vxxpa12ajsdk4r2gk01548r0ygw2n01x-pkg-config-wrapper-0.29.2-man",
              "default": true
            },
            {
              "name": "doc",
              "path": "/nix/store/h1x5m04ays3fg1xacspi43q7ia52lbkx-pkg-config-wrapper-0.29.2-doc"
            }
          ],
          "store_path": "/nix/store/vn90s8p77jf7iwaq1m81lqha8cs2wpk5-pkg-config-wrapper-0.29.2"
        },
        "x86_64-darwin": {
          "outputs": [
            {
              "name": "out",
              "path": "/nix/store/37gxv08h7bn7y58ziw5ni3bqzwfr04a1-pkg-config-wrapper-0.29.2",
              "default": true
            },
            {
              "name": "man",
              "path": "/nix/store/128yhvs3sg0bxhsxl0rgbczjgp10kdrq-pkg-config-wrapper-0.29.2-man",
              "default": true
            },
            {
              "name": "doc",
              "path": "/nix/store/n8h1bww0jlna6ycxvfig97fh6gjs83wv-pkg-config-wrapper-0.29.2-doc"
            }
          ],
          "store_path": "/nix/store/37gxv08h7bn7y58ziw5ni3bqzwfr04a1-pkg-config-wrapper-0.29.2"
        },
        "x86_64-linux": {
          "outputs": [
            {
              "name": "out",
              "path": "/nix/store/7vrzhnby95407cbbahn3fj3y98qifgby-pkg-config-wrapper-0.29.2",
              "default": true
            },
            {
              "name": "man",
              "path": "/nix/store/l23dn1jdzr58srzbcv2a0my0ilxx713z-pkg-config-wrapper-0.29.2-man",
              "default": true
            },
            {
              "name": "doc",
              "path": "/nix/store/kyppfi30wm5sfhnkwz1pr5nnlqpis2wa-pkg-config-wrapper-0.29.2-doc"
            }
          ],
          "store_path": "/nix/store/7vrzhnby95407cbbahn3fj3y98qifgby-pkg-config-wrapper-0.29.2"
        }
      }
    },
    "rustup@latest": {
      "last_modified": "2025-07-28T17:09:23Z",
      "plugin_version": "0.0.1",
      "resolved": "github:NixOS/nixpkgs/648f70160c03151bc2121d179291337ad6bc564b#rustup",
      "source": "devbox-search",
      "version": "1.28.2",
      "systems": {
        "aarch64-darwin": {
          "outputs": [
            {
              "name": "out",
              "path": "/nix/store/fhz4c3pawxqklssimadm9gp5jfagfl8v-rustup-1.28.2",
              "default": true
            }
          ],
          "store_path": "/nix/store/fhz4c3pawxqklssimadm9gp5jfagfl8v-rustup-1.28.2"
        },
        "aarch64-linux": {
          "outputs": [
            {
              "name": "out",
              "path": "/nix/store/0z156naqlk96m681ns9jji0pw4vwqxq9-rustup-1.28.2",
              "default": true
            }
          ],
          "store_path": "/nix/store/0z156naqlk96m681ns9jji0pw4vwqxq9-rustup-1.28.2"
        },
        "x86_64-darwin": {
          "outputs": [
            {
              "name": "out",
              "path": "/nix/store/2zgwgadb3q97mcia0w2z643y17ifpjkz-rustup-1.28.2",
              "default": true
            }
          ],
          "store_path": "/nix/store/2zgwgadb3q97mcia0w2z643y17ifpjkz-rustup-1.28.2"
        },
        "x86_64-linux": {
          "outputs": [
            {
              "name": "out",
              "path": "/nix/store/4z7n3dky3wmx7130rid6c67ra1ipqhn1-rustup-1.28.2",
              "default": true
            }
          ],
          "store_path": "/nix/store/4z7n3dky3wmx7130rid6c67ra1ipqhn1-rustup-1.28.2"
        }
      }
    }
  }
}
